
Microsoft Visual Studio Solution File, Format Version 12.00
Project("{2150E333-8FDC-42A3-9474-1A3956D46DE8}") = "A - Creational", "A - Creational", "{D232230B-6AEB-4568-A219-E6309C13B642}"
EndProject
Project("{2150E333-8FDC-42A3-9474-1A3956D46DE8}") = "01 - Singleton", "01 - Singleton", "{989DF357-E02C-4061-9235-9B0CBE1C0DD1}"
EndProject
Project("{FAE04EC0-301F-11D3-BF4B-00C04F79EFBC}") = "Singleton", "Singleton\Singleton.csproj", "{8211469A-58AA-4FA8-B557-3E415DB7F4F9}"
EndProject
Project("{2150E333-8FDC-42A3-9474-1A3956D46DE8}") = "02 - Factory Method", "02 - Factory Method", "{CC60EC8D-2B6F-4418-A29D-FFD8072CC20F}"
EndProject
Project("{FAE04EC0-301F-11D3-BF4B-00C04F79EFBC}") = "Factory Method", "Factory Method\Factory Method.csproj", "{6376CC71-2E6E-4076-8698-58AD1A7AEC61}"
EndProject
Project("{2150E333-8FDC-42A3-9474-1A3956D46DE8}") = "03 - Abstract Factory", "03 - Abstract Factory", "{37F08ECD-0185-41A0-BDEE-4AA607D04696}"
EndProject
Project("{FAE04EC0-301F-11D3-BF4B-00C04F79EFBC}") = "Abstract Factory", "Abstract Factory\Abstract Factory.csproj", "{33BAF700-6508-490A-922D-8E058A45E5A9}"
EndProject
Project("{2150E333-8FDC-42A3-9474-1A3956D46DE8}") = "04 - Builder", "04 - Builder", "{E570C427-D7E2-42F5-8EE9-DDFE52DFB570}"
EndProject
Project("{FAE04EC0-301F-11D3-BF4B-00C04F79EFBC}") = "Builder", "Builder\Builder.csproj", "{2254E1D2-C75A-4439-971D-18104EA4F4F6}"
EndProject
Project("{2150E333-8FDC-42A3-9474-1A3956D46DE8}") = "Testing", "Testing", "{31DE27D7-54CF-4FF3-8AB4-A2D8F080B196}"
EndProject
Project("{FAE04EC0-301F-11D3-BF4B-00C04F79EFBC}") = "TestingArea", "TestingArea\TestingArea.csproj", "{38706AF1-5108-49C1-AB2C-5E8085FB4057}"
EndProject
Project("{2150E333-8FDC-42A3-9474-1A3956D46DE8}") = "05 - Prototype", "05 - Prototype", "{F48002DF-0173-43F5-BD70-D24B51D95020}"
EndProject
Project("{FAE04EC0-301F-11D3-BF4B-00C04F79EFBC}") = "Prototype", "Prototype\Prototype.csproj", "{E5936A99-BFCF-410C-AC36-F3CB3845DD6E}"
EndProject
Project("{2150E333-8FDC-42A3-9474-1A3956D46DE8}") = "B - Structural", "B - Structural", "{12E304C9-6254-4E4E-8A31-0D41710B8468}"
EndProject
Project("{2150E333-8FDC-42A3-9474-1A3956D46DE8}") = "01 - Adapter", "01 - Adapter", "{EAD20F8C-28FC-4527-8F6D-F8D0F5699BBA}"
EndProject
Project("{FAE04EC0-301F-11D3-BF4B-00C04F79EFBC}") = "Adapter", "Adapter\Adapter.csproj", "{5BDB9456-6D71-4C57-BE7E-DCFC9A3ED59B}"
EndProject
Project("{2150E333-8FDC-42A3-9474-1A3956D46DE8}") = "02 - Bridge", "02 - Bridge", "{D41C277C-C1CE-402F-81F1-33E05590FA9D}"
EndProject
Project("{FAE04EC0-301F-11D3-BF4B-00C04F79EFBC}") = "Bridge", "Bridge\Bridge.csproj", "{D3498C41-3922-44DC-9ADE-C342B43F03FF}"
EndProject
Project("{2150E333-8FDC-42A3-9474-1A3956D46DE8}") = "03 - Decorator", "03 - Decorator", "{B55D4324-6518-47D6-BC24-699675A76F5B}"
EndProject
Project("{FAE04EC0-301F-11D3-BF4B-00C04F79EFBC}") = "Decorator", "Decorator\Decorator.csproj", "{26D1B783-4E8C-423C-A58C-6BB608ECC569}"
EndProject
Project("{2150E333-8FDC-42A3-9474-1A3956D46DE8}") = "04 - Composite", "04 - Composite", "{D7E45772-A4CE-480B-9260-14C67DAAA352}"
EndProject
Project("{FAE04EC0-301F-11D3-BF4B-00C04F79EFBC}") = "Composite", "Composite\Composite.csproj", "{0D50DDB5-621C-448C-98AD-887C7C2D1692}"
EndProject
Project("{2150E333-8FDC-42A3-9474-1A3956D46DE8}") = "05 - Facade", "05 - Facade", "{CB5F02FB-3D79-4FE8-BD95-36DF67E7320E}"
EndProject
Project("{FAE04EC0-301F-11D3-BF4B-00C04F79EFBC}") = "Facade", "Facade\Facade.csproj", "{32DEF93E-9E1F-4780-BF08-D0A2B4B496B2}"
EndProject
Project("{2150E333-8FDC-42A3-9474-1A3956D46DE8}") = "06 - Proxy", "06 - Proxy", "{7778FA2B-3FDB-4B3F-8623-AB2C0FE449A0}"
EndProject
Project("{FAE04EC0-301F-11D3-BF4B-00C04F79EFBC}") = "Proxy", "Proxy\Proxy.csproj", "{6E7FF477-DE87-483B-ABA2-81076AC1DD8A}"
EndProject
Project("{2150E333-8FDC-42A3-9474-1A3956D46DE8}") = "C - Behavioural", "C - Behavioural", "{724788A4-17E4-437D-8CBC-8799A3B8C9E3}"
EndProject
Project("{2150E333-8FDC-42A3-9474-1A3956D46DE8}") = "01 - Template", "01 - Template", "{BC0DD3E8-A7EF-43FB-A743-BFB77E9C032A}"
EndProject
Project("{FAE04EC0-301F-11D3-BF4B-00C04F79EFBC}") = "Template", "Template\Template.csproj", "{838FE02A-F3D6-4E6C-A556-79CF19E979FB}"
EndProject
Project("{2150E333-8FDC-42A3-9474-1A3956D46DE8}") = "07 - Flyweight", "07 - Flyweight", "{3A640188-CE2A-4B64-9B84-F92566DBF6DC}"
EndProject
Project("{FAE04EC0-301F-11D3-BF4B-00C04F79EFBC}") = "Flyweight", "Flyweight\Flyweight.csproj", "{59A227E7-4CA8-472D-B5CB-BD1ACBE42BD0}"
EndProject
Project("{2150E333-8FDC-42A3-9474-1A3956D46DE8}") = "02 - Strategy", "02 - Strategy", "{2BC798E8-3B0C-4DE7-B63D-0747FC6E4671}"
EndProject
Project("{FAE04EC0-301F-11D3-BF4B-00C04F79EFBC}") = "Strategy", "Strategy\Strategy.csproj", "{D86E00F0-ABEB-4F0B-B914-F9BAD7FD8F95}"
EndProject
Project("{2150E333-8FDC-42A3-9474-1A3956D46DE8}") = "03 - Command", "03 - Command", "{2090C372-E0C8-4B64-9423-DFE34622CDE0}"
EndProject
Project("{FAE04EC0-301F-11D3-BF4B-00C04F79EFBC}") = "Command", "Command\Command.csproj", "{F744ED0C-F8BC-4AE1-952B-88FE4F52CC86}"
EndProject
Global
	GlobalSection(SolutionConfigurationPlatforms) = preSolution
		Debug|Any CPU = Debug|Any CPU
		Release|Any CPU = Release|Any CPU
	EndGlobalSection
	GlobalSection(ProjectConfigurationPlatforms) = postSolution
		{8211469A-58AA-4FA8-B557-3E415DB7F4F9}.Debug|Any CPU.ActiveCfg = Debug|Any CPU
		{8211469A-58AA-4FA8-B557-3E415DB7F4F9}.Debug|Any CPU.Build.0 = Debug|Any CPU
		{8211469A-58AA-4FA8-B557-3E415DB7F4F9}.Release|Any CPU.ActiveCfg = Release|Any CPU
		{8211469A-58AA-4FA8-B557-3E415DB7F4F9}.Release|Any CPU.Build.0 = Release|Any CPU
		{6376CC71-2E6E-4076-8698-58AD1A7AEC61}.Debug|Any CPU.ActiveCfg = Debug|Any CPU
		{6376CC71-2E6E-4076-8698-58AD1A7AEC61}.Debug|Any CPU.Build.0 = Debug|Any CPU
		{6376CC71-2E6E-4076-8698-58AD1A7AEC61}.Release|Any CPU.ActiveCfg = Release|Any CPU
		{6376CC71-2E6E-4076-8698-58AD1A7AEC61}.Release|Any CPU.Build.0 = Release|Any CPU
		{33BAF700-6508-490A-922D-8E058A45E5A9}.Debug|Any CPU.ActiveCfg = Debug|Any CPU
		{33BAF700-6508-490A-922D-8E058A45E5A9}.Debug|Any CPU.Build.0 = Debug|Any CPU
		{33BAF700-6508-490A-922D-8E058A45E5A9}.Release|Any CPU.ActiveCfg = Release|Any CPU
		{33BAF700-6508-490A-922D-8E058A45E5A9}.Release|Any CPU.Build.0 = Release|Any CPU
		{2254E1D2-C75A-4439-971D-18104EA4F4F6}.Debug|Any CPU.ActiveCfg = Debug|Any CPU
		{2254E1D2-C75A-4439-971D-18104EA4F4F6}.Debug|Any CPU.Build.0 = Debug|Any CPU
		{2254E1D2-C75A-4439-971D-18104EA4F4F6}.Release|Any CPU.ActiveCfg = Release|Any CPU
		{2254E1D2-C75A-4439-971D-18104EA4F4F6}.Release|Any CPU.Build.0 = Release|Any CPU
		{38706AF1-5108-49C1-AB2C-5E8085FB4057}.Debug|Any CPU.ActiveCfg = Debug|Any CPU
		{38706AF1-5108-49C1-AB2C-5E8085FB4057}.Debug|Any CPU.Build.0 = Debug|Any CPU
		{38706AF1-5108-49C1-AB2C-5E8085FB4057}.Release|Any CPU.ActiveCfg = Release|Any CPU
		{38706AF1-5108-49C1-AB2C-5E8085FB4057}.Release|Any CPU.Build.0 = Release|Any CPU
		{E5936A99-BFCF-410C-AC36-F3CB3845DD6E}.Debug|Any CPU.ActiveCfg = Debug|Any CPU
		{E5936A99-BFCF-410C-AC36-F3CB3845DD6E}.Debug|Any CPU.Build.0 = Debug|Any CPU
		{E5936A99-BFCF-410C-AC36-F3CB3845DD6E}.Release|Any CPU.ActiveCfg = Release|Any CPU
		{E5936A99-BFCF-410C-AC36-F3CB3845DD6E}.Release|Any CPU.Build.0 = Release|Any CPU
		{5BDB9456-6D71-4C57-BE7E-DCFC9A3ED59B}.Debug|Any CPU.ActiveCfg = Debug|Any CPU
		{5BDB9456-6D71-4C57-BE7E-DCFC9A3ED59B}.Debug|Any CPU.Build.0 = Debug|Any CPU
		{5BDB9456-6D71-4C57-BE7E-DCFC9A3ED59B}.Release|Any CPU.ActiveCfg = Release|Any CPU
		{5BDB9456-6D71-4C57-BE7E-DCFC9A3ED59B}.Release|Any CPU.Build.0 = Release|Any CPU
		{D3498C41-3922-44DC-9ADE-C342B43F03FF}.Debug|Any CPU.ActiveCfg = Debug|Any CPU
		{D3498C41-3922-44DC-9ADE-C342B43F03FF}.Debug|Any CPU.Build.0 = Debug|Any CPU
		{D3498C41-3922-44DC-9ADE-C342B43F03FF}.Release|Any CPU.ActiveCfg = Release|Any CPU
		{D3498C41-3922-44DC-9ADE-C342B43F03FF}.Release|Any CPU.Build.0 = Release|Any CPU
		{26D1B783-4E8C-423C-A58C-6BB608ECC569}.Debug|Any CPU.ActiveCfg = Debug|Any CPU
		{26D1B783-4E8C-423C-A58C-6BB608ECC569}.Debug|Any CPU.Build.0 = Debug|Any CPU
		{26D1B783-4E8C-423C-A58C-6BB608ECC569}.Release|Any CPU.ActiveCfg = Release|Any CPU
		{26D1B783-4E8C-423C-A58C-6BB608ECC569}.Release|Any CPU.Build.0 = Release|Any CPU
		{0D50DDB5-621C-448C-98AD-887C7C2D1692}.Debug|Any CPU.ActiveCfg = Debug|Any CPU
		{0D50DDB5-621C-448C-98AD-887C7C2D1692}.Debug|Any CPU.Build.0 = Debug|Any CPU
		{0D50DDB5-621C-448C-98AD-887C7C2D1692}.Release|Any CPU.ActiveCfg = Release|Any CPU
		{0D50DDB5-621C-448C-98AD-887C7C2D1692}.Release|Any CPU.Build.0 = Release|Any CPU
		{32DEF93E-9E1F-4780-BF08-D0A2B4B496B2}.Debug|Any CPU.ActiveCfg = Debug|Any CPU
		{32DEF93E-9E1F-4780-BF08-D0A2B4B496B2}.Debug|Any CPU.Build.0 = Debug|Any CPU
		{32DEF93E-9E1F-4780-BF08-D0A2B4B496B2}.Release|Any CPU.ActiveCfg = Release|Any CPU
		{32DEF93E-9E1F-4780-BF08-D0A2B4B496B2}.Release|Any CPU.Build.0 = Release|Any CPU
		{6E7FF477-DE87-483B-ABA2-81076AC1DD8A}.Debug|Any CPU.ActiveCfg = Debug|Any CPU
		{6E7FF477-DE87-483B-ABA2-81076AC1DD8A}.Debug|Any CPU.Build.0 = Debug|Any CPU
		{6E7FF477-DE87-483B-ABA2-81076AC1DD8A}.Release|Any CPU.ActiveCfg = Release|Any CPU
		{6E7FF477-DE87-483B-ABA2-81076AC1DD8A}.Release|Any CPU.Build.0 = Release|Any CPU
		{838FE02A-F3D6-4E6C-A556-79CF19E979FB}.Debug|Any CPU.ActiveCfg = Debug|Any CPU
		{838FE02A-F3D6-4E6C-A556-79CF19E979FB}.Debug|Any CPU.Build.0 = Debug|Any CPU
		{838FE02A-F3D6-4E6C-A556-79CF19E979FB}.Release|Any CPU.ActiveCfg = Release|Any CPU
		{838FE02A-F3D6-4E6C-A556-79CF19E979FB}.Release|Any CPU.Build.0 = Release|Any CPU
		{59A227E7-4CA8-472D-B5CB-BD1ACBE42BD0}.Debug|Any CPU.ActiveCfg = Debug|Any CPU
		{59A227E7-4CA8-472D-B5CB-BD1ACBE42BD0}.Debug|Any CPU.Build.0 = Debug|Any CPU
		{59A227E7-4CA8-472D-B5CB-BD1ACBE42BD0}.Release|Any CPU.ActiveCfg = Release|Any CPU
		{59A227E7-4CA8-472D-B5CB-BD1ACBE42BD0}.Release|Any CPU.Build.0 = Release|Any CPU
		{D86E00F0-ABEB-4F0B-B914-F9BAD7FD8F95}.Debug|Any CPU.ActiveCfg = Debug|Any CPU
		{D86E00F0-ABEB-4F0B-B914-F9BAD7FD8F95}.Debug|Any CPU.Build.0 = Debug|Any CPU
		{D86E00F0-ABEB-4F0B-B914-F9BAD7FD8F95}.Release|Any CPU.ActiveCfg = Release|Any CPU
		{D86E00F0-ABEB-4F0B-B914-F9BAD7FD8F95}.Release|Any CPU.Build.0 = Release|Any CPU
		{F744ED0C-F8BC-4AE1-952B-88FE4F52CC86}.Debug|Any CPU.ActiveCfg = Debug|Any CPU
		{F744ED0C-F8BC-4AE1-952B-88FE4F52CC86}.Debug|Any CPU.Build.0 = Debug|Any CPU
		{F744ED0C-F8BC-4AE1-952B-88FE4F52CC86}.Release|Any CPU.ActiveCfg = Release|Any CPU
		{F744ED0C-F8BC-4AE1-952B-88FE4F52CC86}.Release|Any CPU.Build.0 = Release|Any CPU
	EndGlobalSection
	GlobalSection(NestedProjects) = preSolution
		{989DF357-E02C-4061-9235-9B0CBE1C0DD1} = {D232230B-6AEB-4568-A219-E6309C13B642}
		{8211469A-58AA-4FA8-B557-3E415DB7F4F9} = {989DF357-E02C-4061-9235-9B0CBE1C0DD1}
		{CC60EC8D-2B6F-4418-A29D-FFD8072CC20F} = {D232230B-6AEB-4568-A219-E6309C13B642}
		{6376CC71-2E6E-4076-8698-58AD1A7AEC61} = {CC60EC8D-2B6F-4418-A29D-FFD8072CC20F}
		{37F08ECD-0185-41A0-BDEE-4AA607D04696} = {D232230B-6AEB-4568-A219-E6309C13B642}
		{33BAF700-6508-490A-922D-8E058A45E5A9} = {37F08ECD-0185-41A0-BDEE-4AA607D04696}
		{E570C427-D7E2-42F5-8EE9-DDFE52DFB570} = {D232230B-6AEB-4568-A219-E6309C13B642}
		{2254E1D2-C75A-4439-971D-18104EA4F4F6} = {E570C427-D7E2-42F5-8EE9-DDFE52DFB570}
		{38706AF1-5108-49C1-AB2C-5E8085FB4057} = {31DE27D7-54CF-4FF3-8AB4-A2D8F080B196}
		{F48002DF-0173-43F5-BD70-D24B51D95020} = {D232230B-6AEB-4568-A219-E6309C13B642}
		{E5936A99-BFCF-410C-AC36-F3CB3845DD6E} = {F48002DF-0173-43F5-BD70-D24B51D95020}
		{EAD20F8C-28FC-4527-8F6D-F8D0F5699BBA} = {12E304C9-6254-4E4E-8A31-0D41710B8468}
		{5BDB9456-6D71-4C57-BE7E-DCFC9A3ED59B} = {EAD20F8C-28FC-4527-8F6D-F8D0F5699BBA}
		{D41C277C-C1CE-402F-81F1-33E05590FA9D} = {12E304C9-6254-4E4E-8A31-0D41710B8468}
		{D3498C41-3922-44DC-9ADE-C342B43F03FF} = {D41C277C-C1CE-402F-81F1-33E05590FA9D}
		{B55D4324-6518-47D6-BC24-699675A76F5B} = {12E304C9-6254-4E4E-8A31-0D41710B8468}
		{26D1B783-4E8C-423C-A58C-6BB608ECC569} = {B55D4324-6518-47D6-BC24-699675A76F5B}
		{D7E45772-A4CE-480B-9260-14C67DAAA352} = {12E304C9-6254-4E4E-8A31-0D41710B8468}
		{0D50DDB5-621C-448C-98AD-887C7C2D1692} = {D7E45772-A4CE-480B-9260-14C67DAAA352}
		{CB5F02FB-3D79-4FE8-BD95-36DF67E7320E} = {12E304C9-6254-4E4E-8A31-0D41710B8468}
		{32DEF93E-9E1F-4780-BF08-D0A2B4B496B2} = {CB5F02FB-3D79-4FE8-BD95-36DF67E7320E}
		{7778FA2B-3FDB-4B3F-8623-AB2C0FE449A0} = {12E304C9-6254-4E4E-8A31-0D41710B8468}
		{6E7FF477-DE87-483B-ABA2-81076AC1DD8A} = {7778FA2B-3FDB-4B3F-8623-AB2C0FE449A0}
		{BC0DD3E8-A7EF-43FB-A743-BFB77E9C032A} = {724788A4-17E4-437D-8CBC-8799A3B8C9E3}
		{838FE02A-F3D6-4E6C-A556-79CF19E979FB} = {BC0DD3E8-A7EF-43FB-A743-BFB77E9C032A}
		{3A640188-CE2A-4B64-9B84-F92566DBF6DC} = {12E304C9-6254-4E4E-8A31-0D41710B8468}
		{59A227E7-4CA8-472D-B5CB-BD1ACBE42BD0} = {3A640188-CE2A-4B64-9B84-F92566DBF6DC}
		{2BC798E8-3B0C-4DE7-B63D-0747FC6E4671} = {724788A4-17E4-437D-8CBC-8799A3B8C9E3}
		{D86E00F0-ABEB-4F0B-B914-F9BAD7FD8F95} = {2BC798E8-3B0C-4DE7-B63D-0747FC6E4671}
		{2090C372-E0C8-4B64-9423-DFE34622CDE0} = {724788A4-17E4-437D-8CBC-8799A3B8C9E3}
		{F744ED0C-F8BC-4AE1-952B-88FE4F52CC86} = {2090C372-E0C8-4B64-9423-DFE34622CDE0}
	EndGlobalSection
EndGlobal
